
Microsoft Visual Studio Solution File, Format Version 12.00
# Visual Studio Version 16
VisualStudioVersion = 16.0.31613.86
MinimumVisualStudioVersion = 10.0.40219.1
Project("{FAE04EC0-301F-11D3-BF4B-00C04F79EFBC}") = "Module2HW3", "Module2HW3\Module2HW3.csproj", "{AD75FC56-D0FB-4B64-97DE-937E0B85CDE4}"
EndProject
Global
	GlobalSection(SolutionConfigurationPlatforms) = preSolution
		Debug|Any CPU = Debug|Any CPU
		Release|Any CPU = Release|Any CPU
	EndGlobalSection
	GlobalSection(ProjectConfigurationPlatforms) = postSolution
		{AD75FC56-D0FB-4B64-97DE-937E0B85CDE4}.Debug|Any CPU.ActiveCfg = Debug|Any CPU
		{AD75FC56-D0FB-4B64-97DE-937E0B85CDE4}.Debug|Any CPU.Build.0 = Debug|Any CPU
		{AD75FC56-D0FB-4B64-97DE-937E0B85CDE4}.Release|Any CPU.ActiveCfg = Release|Any CPU
		{AD75FC56-D0FB-4B64-97DE-937E0B85CDE4}.Release|Any CPU.Build.0 = Release|Any CPU
	EndGlobalSection
	GlobalSection(SolutionProperties) = preSolution
		HideSolutionNode = FALSE
	EndGlobalSection
	GlobalSection(ExtensibilityGlobals) = postSolution
		SolutionGuid = {C76E4C54-8E0D-4D1C-A645-C09F084B707B}
	EndGlobalSection
EndGlobal
